<?xml version="1.0" encoding="utf-8"?>
<Project ToolsVersion="4.0" xmlns="http://schemas.microsoft.com/developer/msbuild/2003">
  <ItemGroup>
    <ClCompile Include="cheat_imgui\imgui_custom2.cpp" />
    <ClCompile Include="cheat_others\Config.cpp" />
    <ClCompile Include="cheat_features\Aimbot.cpp" />
    <ClCompile Include="cheat_features\Backtrack.cpp" />
    <ClCompile Include="cheat_features\Chams.cpp" />
    <ClCompile Include="cheat_features\EnginePrediction.cpp" />
    <ClCompile Include="cheat_features\Glow.cpp" />
    <ClCompile Include="cheat_features\SkinChanger.cpp" />
    <ClCompile Include="cheat_features\Triggerbot.cpp" />
    <ClCompile Include="cheat_features\Visuals.cpp" />
    <ClCompile Include="cheat_imgui\imguiCustom.cpp" />
    <ClCompile Include="cheat_important\Netvars.cpp" />
    <ClCompile Include="cheat_skinchanger\item_definitions.cpp" />
    <ClCompile Include="cheat_skinchanger\Utilities\Platform.cpp" />
    <ClCompile Include="KeyValues.cpp" />
    <ClCompile Include="cheat_protection\Schovat.cpp" />
    <ClCompile Include="cheat_important\Stuff.cpp" />
    <ClCompile Include="Menu.cpp" />
    <ClCompile Include="cheat_features\Misc.cpp" />
    <ClCompile Include="cheat_imgui\imgui.cpp" />
    <ClCompile Include="cheat_imgui\imgui_draw.cpp" />
    <ClCompile Include="cheat_imgui\imgui_impl_dx9.cpp" />
    <ClCompile Include="cheat_imgui\imgui_impl_win32.cpp" />
    <ClCompile Include="cheat_imgui\imgui_widgets.cpp" />
    <ClCompile Include="cheat_important\Interfaces.cpp" />
    <ClCompile Include="cheat_important\Memory.cpp" />
    <ClCompile Include="cheat_sdk\GlobalVars.cpp" />
    <ClCompile Include="winapi_own.cpp" />
    <ClCompile Include="cheat_interface\notifications.cpp" />
    <ClCompile Include="cheat_skinchanger\nskinz.cpp" />
    <ClCompile Include="cheat_skinchanger\kit_parser.cpp" />
    <ClCompile Include="cheat_skinchanger\config_.cpp" />
    <ClCompile Include="cheat_sdk\Vector3D.cpp" />
    <ClCompile Include="cheat_features\ESP.cpp" />
    <ClCompile Include="cheat_minhook\buffer.c" />
    <ClCompile Include="cheat_minhook\hook.c" />
    <ClCompile Include="cheat_minhook\trampoline.c" />
    <ClCompile Include="cheat_minhook\hde\hde32.c" />
    <ClCompile Include="cheat_minhook\hde\hde64.c" />
    <ClCompile Include="cheat_important\MinHook.cpp" />
    <ClCompile Include="cheat_features\VelGraph.cpp" />
    <ClCompile Include="cheat_features\trail.cpp" />
    <ClCompile Include="cheat_features\EventListener.cpp" />
    <ClCompile Include="cheat_important\Hooking.cpp" />
    <ClCompile Include="cheat_sdk\render.cpp" />
    <ClCompile Include="cheat_imgui\imgui_stdlib.cpp" />
    <ClCompile Include="parser.cpp" />
  </ItemGroup>
  <ItemGroup>
    <ClInclude Include="cheat_imgui\imgui_custom2.h" />
    <ClInclude Include="cheat_important\Animstate.h" />
    <ClInclude Include="cheat_others\ArchiveX.h" />
    <ClInclude Include="cheat_others\Config.h" />
    <ClInclude Include="cheat_others\font-flags.h" />
    <ClInclude Include="cheat_important\GUI.h" />
    <ClInclude Include="cheat_features\Aimbot.h" />
    <ClInclude Include="cheat_features\Backtrack.h" />
    <ClInclude Include="cheat_features\Chams.h" />
    <ClInclude Include="cheat_features\EnginePrediction.h" />
    <ClInclude Include="cheat_features\Glow.h" />
    <ClInclude Include="cheat_features\icon.h" />
    <ClInclude Include="cheat_features\Misc.h" />
    <ClInclude Include="cheat_protection\xor.hpp" />
    <ClInclude Include="cheat_sdk\PlayerSource.h" />
    <ClInclude Include="cheat_features\SkinChanger.h" />
    <ClInclude Include="cheat_features\Triggerbot.h" />
    <ClInclude Include="cheat_features\Visuals.h" />
    <ClInclude Include="cheat_features\zvuk.h" />
    <ClInclude Include="cheat_imgui\imguiCustom.h" />
    <ClInclude Include="CHudChat.h" />
    <ClInclude Include="dirent.h" />
    <ClInclude Include="INetMessage.h" />
    <ClInclude Include="instr.h" />
    <ClInclude Include="cheat_important\Netvars.h" />
    <ClInclude Include="cheat_skinchanger\item_definitions.hpp" />
    <ClInclude Include="cheat_skinchanger\Utilities\fnv_hash.hpp" />
    <ClInclude Include="cheat_skinchanger\Utilities\Platform.hpp" />
    <ClInclude Include="cheat_skinchanger\Utilities\vmt_smart_hook.hpp" />
    <ClInclude Include="KeyValues.h" />
    <ClInclude Include="Kokesh.h" />
    <ClInclude Include="obfuscation.hpp" />
    <ClInclude Include="cheat_protection\Schovat.h" />
    <ClInclude Include="cheat_sdk\Client.h" />
    <ClInclude Include="cheat_sdk\ConVar.h" />
    <ClInclude Include="cheat_sdk\EngineTrace.h" />
    <ClInclude Include="cheat_sdk\Entity.h" />
    <ClInclude Include="cheat_sdk\ClientClass.h" />
    <ClInclude Include="cheat_sdk\EntityList.h" />
    <ClInclude Include="cheat_sdk\Cvar.h" />
    <ClInclude Include="cheat_sdk\Engine.h" />
    <ClInclude Include="cheat_sdk\ClassId.h" />
    <ClInclude Include="cheat_important\Hooks.h" />
    <ClInclude Include="cheat_imgui\imconfig.h" />
    <ClInclude Include="cheat_imgui\imgui.h" />
    <ClInclude Include="cheat_imgui\imgui_impl_dx9.h" />
    <ClInclude Include="cheat_imgui\imgui_impl_win32.h" />
    <ClInclude Include="cheat_imgui\imgui_internal.h" />
    <ClInclude Include="cheat_imgui\imstb_rectpack.h" />
    <ClInclude Include="cheat_imgui\imstb_textedit.h" />
    <ClInclude Include="cheat_imgui\imstb_truetype.h" />
    <ClInclude Include="cheat_important\Interfaces.h" />
    <ClInclude Include="cheat_important\Memory.h" />
    <ClInclude Include="cheat_sdk\FrameStage.h" />
    <ClInclude Include="cheat_sdk\GameEvent.h" />
    <ClInclude Include="cheat_sdk\GameEventManager.h" />
    <ClInclude Include="cheat_sdk\GameMovement.h" />
    <ClInclude Include="cheat_sdk\GameUI.h" />
    <ClInclude Include="cheat_sdk\GlobalVars.h" />
    <ClInclude Include="cheat_sdk\GlowObjectManager.h" />
    <ClInclude Include="cheat_sdk\Input.h" />
    <ClInclude Include="cheat_sdk\InputSystem.h" />
    <ClInclude Include="cheat_sdk\ItemSchema.h" />
    <ClInclude Include="cheat_sdk\Localize.h" />
    <ClInclude Include="cheat_sdk\Material.h" />
    <ClInclude Include="cheat_sdk\MaterialSystem.h" />
    <ClInclude Include="cheat_sdk\matrix3x4.h" />
    <ClInclude Include="cheat_sdk\ModelInfo.h" />
    <ClInclude Include="cheat_sdk\ModelRender.h" />
    <ClInclude Include="cheat_sdk\MoveData.h" />
    <ClInclude Include="cheat_sdk\MoveHelper.h" />
    <ClInclude Include="cheat_sdk\NetworkChannel.h" />
    <ClInclude Include="cheat_sdk\Panel.h" />
    <ClInclude Include="cheat_sdk\PhysicsSurfaceProps.h" />
    <ClInclude Include="cheat_sdk\Prediction.h" />
    <ClInclude Include="cheat_sdk\Recv.h" />
    <ClInclude Include="cheat_sdk\RenderView.h" />
    <ClInclude Include="cheat_sdk\Surface.h" />
    <ClInclude Include="cheat_sdk\UserCmd.h" />
    <ClInclude Include="cheat_sdk\UtlVector.h" />
    <ClInclude Include="cheat_sdk\VarMapping.h" />
    <ClInclude Include="cheat_sdk\Vector.h" />
    <ClInclude Include="cheat_sdk\Utils.h" />
    <ClInclude Include="cheat_sdk\WeaponData.h" />
    <ClInclude Include="cheat_sdk\WeaponId.h" />
    <ClInclude Include="cheat_protection\security.h" />
    <ClInclude Include="singleton.h" />
    <ClInclude Include="visual_render\model.hpp" />
    <ClInclude Include="winapi_own.h" />
    <ClInclude Include="IViewRenderBeams.h" />
    <ClInclude Include="Color.hpp" />
    <ClInclude Include="VirtualMethod.h" />
    <ClInclude Include="fnv.h" />
    <ClInclude Include="cheat_interface\notifications.hpp" />
    <ClInclude Include="important_file.hpp" />
    <ClInclude Include="cheat_interface\animations.hpp" />
    <ClInclude Include="cheat_skinchanger\kit_parser.hpp" />
    <ClInclude Include="cheat_skinchanger\config_.hpp" />
    <ClInclude Include="cheat_sdk\BaseFileSystem.hpp" />
    <ClInclude Include="cheat_sdk\vfunc.hpp" />
    <ClInclude Include="cheat_sdk\Vector3D.hpp" />
    <ClInclude Include="cheat_features\ESP.h" />
    <ClInclude Include="cheat_sdk\iv_debug_overlay.hpp" />
    <ClInclude Include="cheat_minhook\buffer.h" />
    <ClInclude Include="cheat_minhook\MinHook.h" />
    <ClInclude Include="cheat_minhook\trampoline.h" />
    <ClInclude Include="cheat_minhook\hde\hde32.h" />
    <ClInclude Include="cheat_minhook\hde\hde64.h" />
    <ClInclude Include="cheat_minhook\hde\pstdint.h" />
    <ClInclude Include="cheat_minhook\hde\table32.h" />
    <ClInclude Include="cheat_minhook\hde\table64.h" />
    <ClInclude Include="cheat_important\MinHook.h" />
    <ClInclude Include="cheat_features\VelGraph.h" />
    <ClInclude Include="cheat_features\trail.h" />
    <ClInclude Include="cheat_features\EventListener.h" />
    <ClInclude Include="steam_sdk\isteamapplist.h" />
    <ClInclude Include="steam_sdk\isteamapps.h" />
    <ClInclude Include="steam_sdk\isteamappticket.h" />
    <ClInclude Include="steam_sdk\isteamclient.h" />
    <ClInclude Include="steam_sdk\isteamcontroller.h" />
    <ClInclude Include="steam_sdk\isteamfriends.h" />
    <ClInclude Include="steam_sdk\isteamgamecoordinator.h" />
    <ClInclude Include="steam_sdk\isteamgameserver.h" />
    <ClInclude Include="steam_sdk\isteamgameserverstats.h" />
    <ClInclude Include="steam_sdk\isteamhtmlsurface.h" />
    <ClInclude Include="steam_sdk\isteamhttp.h" />
    <ClInclude Include="steam_sdk\isteaminventory.h" />
    <ClInclude Include="steam_sdk\isteammasterserverupdater.h" />
    <ClInclude Include="steam_sdk\isteammatchmaking.h" />
    <ClInclude Include="steam_sdk\isteammusic.h" />
    <ClInclude Include="steam_sdk\isteammusicremote.h" />
    <ClInclude Include="steam_sdk\isteamnetworking.h" />
    <ClInclude Include="steam_sdk\isteamparentalsettings.h" />
    <ClInclude Include="steam_sdk\isteamps3overlayrenderer.h" />
    <ClInclude Include="steam_sdk\isteamremotestorage.h" />
    <ClInclude Include="steam_sdk\isteamscreenshots.h" />
    <ClInclude Include="steam_sdk\isteamugc.h" />
    <ClInclude Include="steam_sdk\isteamuser.h" />
    <ClInclude Include="steam_sdk\isteamuserstats.h" />
    <ClInclude Include="steam_sdk\isteamutils.h" />
    <ClInclude Include="steam_sdk\isteamvideo.h" />
    <ClInclude Include="steam_sdk\matchmakingtypes.h" />
    <ClInclude Include="steam_sdk\steam_api.h" />
    <ClInclude Include="steam_sdk\steam_api_flat.h" />
    <ClInclude Include="steam_sdk\steam_api_internal.h" />
    <ClInclude Include="steam_sdk\steam_gameserver.h" />
    <ClInclude Include="steam_sdk\steamclientpublic.h" />
    <ClInclude Include="steam_sdk\steamencryptedappticket.h" />
    <ClInclude Include="steam_sdk\steamhttpenums.h" />
    <ClInclude Include="steam_sdk\steamps3params.h" />
    <ClInclude Include="steam_sdk\steamtypes.h" />
    <ClInclude Include="steam_sdk\steamuniverse.h" />
    <ClInclude Include="steam_sdk\li_fn.hpp" />
    <ClInclude Include="cheat_sdk\time.hpp" />
    <ClInclude Include="cheat_sdk\render.hpp" />
    <ClInclude Include="cheat_features\GrenadeData.hpp" />
    <ClInclude Include="cheat_protection\jmsxorstr.h" />
    <ClInclude Include="cheat_imgui\imgui_stdlib.h" />
    <ClInclude Include="parser.h" />
    <ClInclude Include="skin_parser.h" />
    <ClInclude Include="cheat_protection\main_xor.hpp" />
    <ClInclude Include="cheat_sdk\MemAlloc.h" />
    <ClInclude Include="cheat_sdk\bspflags.h" />
    <ClInclude Include="cheat_sdk\math.hpp" />
    <ClInclude Include="xor2.hpp" />
    <ClInclude Include="cheat_protection\hash.h" />
  </ItemGroup>
  <ItemGroup>
    <Filter Include="SteamSDK">
      <UniqueIdentifier>{2ceeebba-1616-449e-b40b-41e5f0511ed3}</UniqueIdentifier>
    </Filter>
  </ItemGroup>
  <ItemGroup>
    <None Include="steam_sdk\steam_api.json" />
    <None Include="steam_sdk\steam_api_interop.cs" />
  </ItemGroup>
</Project>